Microsoft Visual Studio Solution File, Format Version 12.00
# Visual Studio Version 17
VisualStudioVersion = 17.0.34031.172
MinimumVisualStudioVersion = 10.0.40219.1
Project("{2150E333-8FDC-42A3-9474-1A3956D46DE8}") = "src", "src", "{82A0F896-6FE5-46EA-A9E9-5CE36F5A9E0A}"
EndProject
Project("{FAE04EC0-301F-11D3-BF4B-00C04F79EFBC}") = "OFXSDK.Core", "src\OFXSDK.Core\OFXSDK.Core.csproj", "{3A13DE12-E2C0-4B7B-8853-D983A1FEE1C7}"
EndProject
Project("{FAE04EC0-301F-11D3-BF4B-00C04F79EFBC}") = "OFXSDK.Parsing", "src\OFXSDK.Parsing\OFXSDK.Parsing.csproj", "{1A8B57FC-85A4-4BAE-95DA-D519709DD125}"
EndProject
Project("{FAE04EC0-301F-11D3-BF4B-00C04F79EFBC}") = "OFXSDK.Validation", "src\OFXSDK.Validation\OFXSDK.Validation.csproj", "{BDDA8B4B-79EC-4DE8-951A-B4B5F7D79113}"
EndProject
Project("{FAE04EC0-301F-11D3-BF4B-00C04F79EFBC}") = "OFXSDK", "src\OFXSDK\OFXSDK.csproj", "{B3F7D3A3-C8F0-4E95-AF9F-FA490FB2C223}"
EndProject
Project("{2150E333-8FDC-42A3-9474-1A3956D46DE8}") = "tests", "tests", "{BE8D56C4-9CBA-4A53-BF4B-3E5C2064613B}"
EndProject
Project("{FAE04EC0-301F-11D3-BF4B-00C04F79EFBC}") = "OFXSDK.Tests", "tests\OFXSDK.Tests\OFXSDK.Tests.csproj", "{6C0BA79A-842A-4A09-ADE0-76ADD01F8E1F}"
EndProject
Project("{2150E333-8FDC-42A3-9474-1A3956D46DE8}") = "examples", "examples", "{4B5E770C-7E7F-4148-A396-373F20BF2304}"
EndProject
Project("{FAE04EC0-301F-11D3-BF4B-00C04F79EFBC}") = "SimpleParser", "examples\SimpleParser\SimpleParser.csproj", "{F9FAD4F1-9B4B-4738-848D-7B38B4C5F9F9}"
EndProject
Project("{FAE04EC0-301F-11D3-BF4B-00C04F79EFBC}") = "FullFeaturedClient", "examples\FullFeaturedClient\FullFeaturedClient.csproj", "{7F79E454-D853-41A0-A025-E2D0D830C7F5}"
EndProject
Project("{FAE04EC0-301F-11D3-BF4B-00C04F79EFBC}") = "OFXSDK.Core.Tests", "tests\OFXSDK.Core.Tests\OFXSDK.Core.Tests.csproj", "{1299D1AC-3267-88A3-B06F-DFA92D600FBF}"
EndProject
Project("{FAE04EC0-301F-11D3-BF4B-00C04F79EFBC}") = "OFXSDK.Parsing.Tests", "tests\OFXSDK.Parsing.Tests\OFXSDK.Parsing.Tests.csproj", "{7C1D8292-0CFF-6D66-EA5A-97290D613B88}"
EndProject
Project("{FAE04EC0-301F-11D3-BF4B-00C04F79EFBC}") = "OFXSDK.Validation.Tests", "tests\OFXSDK.Validation.Tests\OFXSDK.Validation.Tests.csproj", "{AB10C34C-7144-CF52-18AA-F7B832BD5A94}"
EndProject
Global
	GlobalSection(SolutionConfigurationPlatforms) = preSolution
		Debug|Any CPU = Debug|Any CPU
		Release|Any CPU = Release|Any CPU
	EndGlobalSection
	GlobalSection(ProjectConfigurationPlatforms) = postSolution
		{3A13DE12-E2C0-4B7B-8853-D983A1FEE1C7}.Debug|Any CPU.ActiveCfg = Debug|Any CPU
		{3A13DE12-E2C0-4B7B-8853-D983A1FEE1C7}.Debug|Any CPU.Build.0 = Debug|Any CPU
		{3A13DE12-E2C0-4B7B-8853-D983A1FEE1C7}.Release|Any CPU.ActiveCfg = Release|Any CPU
		{3A13DE12-E2C0-4B7B-8853-D983A1FEE1C7}.Release|Any CPU.Build.0 = Release|Any CPU
		{1A8B57FC-85A4-4BAE-95DA-D519709DD125}.Debug|Any CPU.ActiveCfg = Debug|Any CPU
		{1A8B57FC-85A4-4BAE-95DA-D519709DD125}.Debug|Any CPU.Build.0 = Debug|Any CPU
		{1A8B57FC-85A4-4BAE-95DA-D519709DD125}.Release|Any CPU.ActiveCfg = Release|Any CPU
		{1A8B57FC-85A4-4BAE-95DA-D519709DD125}.Release|Any CPU.Build.0 = Release|Any CPU
		{BDDA8B4B-79EC-4DE8-951A-B4B5F7D79113}.Debug|Any CPU.ActiveCfg = Debug|Any CPU
		{BDDA8B4B-79EC-4DE8-951A-B4B5F7D79113}.Debug|Any CPU.Build.0 = Debug|Any CPU
		{BDDA8B4B-79EC-4DE8-951A-B4B5F7D79113}.Release|Any CPU.ActiveCfg = Release|Any CPU
		{BDDA8B4B-79EC-4DE8-951A-B4B5F7D79113}.Release|Any CPU.Build.0 = Release|Any CPU
		{B3F7D3A3-C8F0-4E95-AF9F-FA490FB2C223}.Debug|Any CPU.ActiveCfg = Debug|Any CPU
		{B3F7D3A3-C8F0-4E95-AF9F-FA490FB2C223}.Debug|Any CPU.Build.0 = Debug|Any CPU
		{B3F7D3A3-C8F0-4E95-AF9F-FA490FB2C223}.Release|Any CPU.ActiveCfg = Release|Any CPU
		{B3F7D3A3-C8F0-4E95-AF9F-FA490FB2C223}.Release|Any CPU.Build.0 = Release|Any CPU
		{6C0BA79A-842A-4A09-ADE0-76ADD01F8E1F}.Debug|Any CPU.ActiveCfg = Debug|Any CPU
		{6C0BA79A-842A-4A09-ADE0-76ADD01F8E1F}.Debug|Any CPU.Build.0 = Debug|Any CPU
		{6C0BA79A-842A-4A09-ADE0-76ADD01F8E1F}.Release|Any CPU.ActiveCfg = Release|Any CPU
		{6C0BA79A-842A-4A09-ADE0-76ADD01F8E1F}.Release|Any CPU.Build.0 = Release|Any CPU
		{F9FAD4F1-9B4B-4738-848D-7B38B4C5F9F9}.Debug|Any CPU.ActiveCfg = Debug|Any CPU
		{F9FAD4F1-9B4B-4738-848D-7B38B4C5F9F9}.Debug|Any CPU.Build.0 = Debug|Any CPU
		{F9FAD4F1-9B4B-4738-848D-7B38B4C5F9F9}.Release|Any CPU.ActiveCfg = Release|Any CPU
		{F9FAD4F1-9B4B-4738-848D-7B38B4C5F9F9}.Release|Any CPU.Build.0 = Release|Any CPU
		{7F79E454-D853-41A0-A025-E2D0D830C7F5}.Debug|Any CPU.ActiveCfg = Debug|Any CPU
		{7F79E454-D853-41A0-A025-E2D0D830C7F5}.Debug|Any CPU.Build.0 = Debug|Any CPU
		{7F79E454-D853-41A0-A025-E2D0D830C7F5}.Release|Any CPU.ActiveCfg = Release|Any CPU
		{7F79E454-D853-41A0-A025-E2D0D830C7F5}.Release|Any CPU.Build.0 = Release|Any CPU
		{1299D1AC-3267-88A3-B06F-DFA92D600FBF}.Debug|Any CPU.ActiveCfg = Debug|Any CPU
		{1299D1AC-3267-88A3-B06F-DFA92D600FBF}.Debug|Any CPU.Build.0 = Debug|Any CPU
		{1299D1AC-3267-88A3-B06F-DFA92D600FBF}.Release|Any CPU.ActiveCfg = Release|Any CPU
		{1299D1AC-3267-88A3-B06F-DFA92D600FBF}.Release|Any CPU.Build.0 = Release|Any CPU
		{7C1D8292-0CFF-6D66-EA5A-97290D613B88}.Debug|Any CPU.ActiveCfg = Debug|Any CPU
		{7C1D8292-0CFF-6D66-EA5A-97290D613B88}.Debug|Any CPU.Build.0 = Debug|Any CPU
		{7C1D8292-0CFF-6D66-EA5A-97290D613B88}.Release|Any CPU.ActiveCfg = Release|Any CPU
		{7C1D8292-0CFF-6D66-EA5A-97290D613B88}.Release|Any CPU.Build.0 = Release|Any CPU
		{AB10C34C-7144-CF52-18AA-F7B832BD5A94}.Debug|Any CPU.ActiveCfg = Debug|Any CPU
		{AB10C34C-7144-CF52-18AA-F7B832BD5A94}.Debug|Any CPU.Build.0 = Debug|Any CPU
		{AB10C34C-7144-CF52-18AA-F7B832BD5A94}.Release|Any CPU.ActiveCfg = Release|Any CPU
		{AB10C34C-7144-CF52-18AA-F7B832BD5A94}.Release|Any CPU.Build.0 = Release|Any CPU
	EndGlobalSection
	GlobalSection(SolutionProperties) = preSolution
		HideSolutionNode = FALSE
	EndGlobalSection
	GlobalSection(NestedProjects) = preSolution
		{3A13DE12-E2C0-4B7B-8853-D983A1FEE1C7} = {82A0F896-6FE5-46EA-A9E9-5CE36F5A9E0A}
		{1A8B57FC-85A4-4BAE-95DA-D519709DD125} = {82A0F896-6FE5-46EA-A9E9-5CE36F5A9E0A}
		{BDDA8B4B-79EC-4DE8-951A-B4B5F7D79113} = {82A0F896-6FE5-46EA-A9E9-5CE36F5A9E0A}
		{B3F7D3A3-C8F0-4E95-AF9F-FA490FB2C223} = {82A0F896-6FE5-46EA-A9E9-5CE36F5A9E0A}
		{6C0BA79A-842A-4A09-ADE0-76ADD01F8E1F} = {BE8D56C4-9CBA-4A53-BF4B-3E5C2064613B}
		{F9FAD4F1-9B4B-4738-848D-7B38B4C5F9F9} = {4B5E770C-7E7F-4148-A396-373F20BF2304}
		{7F79E454-D853-41A0-A025-E2D0D830C7F5} = {4B5E770C-7E7F-4148-A396-373F20BF2304}
		{1299D1AC-3267-88A3-B06F-DFA92D600FBF} = {BE8D56C4-9CBA-4A53-BF4B-3E5C2064613B}
		{7C1D8292-0CFF-6D66-EA5A-97290D613B88} = {BE8D56C4-9CBA-4A53-BF4B-3E5C2064613B}
		{AB10C34C-7144-CF52-18AA-F7B832BD5A94} = {BE8D56C4-9CBA-4A53-BF4B-3E5C2064613B}
	EndGlobalSection
	GlobalSection(ExtensibilityGlobals) = postSolution
		        SolutionGuid = {[SOLUTION_GUID]}
	EndGlobalSection
EndGlobal
