
Microsoft Visual Studio Solution File, Format Version 12.00
# Visual Studio Version 17
VisualStudioVersion = 17.1.32104.313
MinimumVisualStudioVersion = 10.0.40219.1
Project("{2150E333-8FDC-42A3-9474-1A3956D46DE8}") = "SDK", "SDK", "{436322DA-864B-46B3-BC4D-336BD2E34429}"
EndProject
Project("{2150E333-8FDC-42A3-9474-1A3956D46DE8}") = "Tests", "Tests", "{C8932B55-E3B4-4480-AF9B-D6309298F800}"
EndProject
Project("{2150E333-8FDC-42A3-9474-1A3956D46DE8}") = "Misc", "Misc", "{BACD69CE-67B5-4BCD-9D89-87123B3C16A0}"
	ProjectSection(SolutionItems) = preProject
		.editorconfig = .editorconfig
		..\LICENSE = ..\LICENSE
	EndProjectSection
EndProject
Project("{FAE04EC0-301F-11D3-BF4B-00C04F79EFBC}") = "EDarruiz.OFX.SDK", "EDarruiz.OFX.SDK\EDarruiz.OFX.SDK.csproj", "{4A7CAD0F-5AF7-8028-8947-14CF4C7756B6}"
EndProject
Project("{FAE04EC0-301F-11D3-BF4B-00C04F79EFBC}") = "EDarruiz.OFX.SDK.Tests", "EDarruiz.OFX.SDK.Tests\EDarruiz.OFX.SDK.Tests.csproj", "{8C64C5F3-8559-5341-AE9D-E876DAB2A68E}"
EndProject
Global
	GlobalSection(SolutionConfigurationPlatforms) = preSolution
		Debug|Any CPU = Debug|Any CPU
		Release|Any CPU = Release|Any CPU
	EndGlobalSection
	GlobalSection(ProjectConfigurationPlatforms) = postSolution
		{4A7CAD0F-5AF7-8028-8947-14CF4C7756B6}.Debug|Any CPU.ActiveCfg = Debug|Any CPU
		{4A7CAD0F-5AF7-8028-8947-14CF4C7756B6}.Debug|Any CPU.Build.0 = Debug|Any CPU
		{4A7CAD0F-5AF7-8028-8947-14CF4C7756B6}.Release|Any CPU.ActiveCfg = Release|Any CPU
		{4A7CAD0F-5AF7-8028-8947-14CF4C7756B6}.Release|Any CPU.Build.0 = Release|Any CPU
		{8C64C5F3-8559-5341-AE9D-E876DAB2A68E}.Debug|Any CPU.ActiveCfg = Debug|Any CPU
		{8C64C5F3-8559-5341-AE9D-E876DAB2A68E}.Debug|Any CPU.Build.0 = Debug|Any CPU
		{8C64C5F3-8559-5341-AE9D-E876DAB2A68E}.Release|Any CPU.ActiveCfg = Release|Any CPU
		{8C64C5F3-8559-5341-AE9D-E876DAB2A68E}.Release|Any CPU.Build.0 = Release|Any CPU
	EndGlobalSection
	GlobalSection(SolutionProperties) = preSolution
		HideSolutionNode = FALSE
	EndGlobalSection
	GlobalSection(NestedProjects) = preSolution
		{4A7CAD0F-5AF7-8028-8947-14CF4C7756B6} = {436322DA-864B-46B3-BC4D-336BD2E34429}
		{8C64C5F3-8559-5341-AE9D-E876DAB2A68E} = {C8932B55-E3B4-4480-AF9B-D6309298F800}
	EndGlobalSection
	GlobalSection(ExtensibilityGlobals) = postSolution
		SolutionGuid = {B1B7C17C-DE78-4DCD-873C-8D5F3392601D}
	EndGlobalSection
EndGlobal
